
Microsoft Visual Studio Solution File, Format Version 12.00
# Visual Studio Version 16
VisualStudioVersion = 16.0.29102.190
MinimumVisualStudioVersion = 10.0.40219.1
Project("{FAE04EC0-301F-11D3-BF4B-00C04F79EFBC}") = "Proyecto final", "Proyecto final.csproj", "{A582A7F2-F279-4562-9953-E3CBA747EE42}"
EndProject
Global
	GlobalSection(SolutionConfigurationPlatforms) = preSolution
		Debug|Any CPU = Debug|Any CPU
		Release|Any CPU = Release|Any CPU
	EndGlobalSection
	GlobalSection(ProjectConfigurationPlatforms) = postSolution
		{A582A7F2-F279-4562-9953-E3CBA747EE42}.Debug|Any CPU.ActiveCfg = Debug|Any CPU
		{A582A7F2-F279-4562-9953-E3CBA747EE42}.Debug|Any CPU.Build.0 = Debug|Any CPU
		{A582A7F2-F279-4562-9953-E3CBA747EE42}.Release|Any CPU.ActiveCfg = Release|Any CPU
		{A582A7F2-F279-4562-9953-E3CBA747EE42}.Release|Any CPU.Build.0 = Release|Any CPU
	EndGlobalSection
	GlobalSection(SolutionProperties) = preSolution
		HideSolutionNode = FALSE
	EndGlobalSection
	GlobalSection(ExtensibilityGlobals) = postSolution
		SolutionGuid = {B9664797-BA1C-49AA-8851-D0D3A070B583}
	EndGlobalSection
EndGlobal
